
Microsoft Visual Studio Solution File, Format Version 12.00
# Visual Studio 15
VisualStudioVersion = 15.0.27703.2000
MinimumVisualStudioVersion = 10.0.40219.1
Project("{9A19103F-16F7-4668-BE54-9A1E7A4F7556}") = "PayStackDotNetSDK", "PayStackDotNetSDK\PayStackDotNetSDK.csproj", "{BA52829E-D8D3-47F6-B1F8-07582AE28A62}"
EndProject
Project("{2150E333-8FDC-42A3-9474-1A3956D46DE8}") = "Solution Items", "Solution Items", "{8D5266AE-2A13-42FB-A798-95D35039F326}"
	ProjectSection(SolutionItems) = preProject
		..\..\..\Desktop\Delete\Monapay.Net\LICENSE = ..\..\..\Desktop\Delete\Monapay.Net\LICENSE
		README.md = README.md
		READMESHORT.md = READMESHORT.md
	EndProjectSection
EndProject
Project("{FAE04EC0-301F-11D3-BF4B-00C04F79EFBC}") = "Tester.Console", "Tester.Console\Tester.Console.csproj", "{AD1C115C-81CD-47DC-A00A-254D3C0BC50C}"
EndProject
Project("{FAE04EC0-301F-11D3-BF4B-00C04F79EFBC}") = "Tester.Web", "Tester.Web\Tester.Web.csproj", "{7350CA94-174B-4A46-9233-F0FE35899CBD}"
EndProject
Global
	GlobalSection(SolutionConfigurationPlatforms) = preSolution
		Debug|Any CPU = Debug|Any CPU
		Release|Any CPU = Release|Any CPU
	EndGlobalSection
	GlobalSection(ProjectConfigurationPlatforms) = postSolution
		{BA52829E-D8D3-47F6-B1F8-07582AE28A62}.Debug|Any CPU.ActiveCfg = Debug|Any CPU
		{BA52829E-D8D3-47F6-B1F8-07582AE28A62}.Debug|Any CPU.Build.0 = Debug|Any CPU
		{BA52829E-D8D3-47F6-B1F8-07582AE28A62}.Release|Any CPU.ActiveCfg = Release|Any CPU
		{BA52829E-D8D3-47F6-B1F8-07582AE28A62}.Release|Any CPU.Build.0 = Release|Any CPU
		{AD1C115C-81CD-47DC-A00A-254D3C0BC50C}.Debug|Any CPU.ActiveCfg = Debug|Any CPU
		{AD1C115C-81CD-47DC-A00A-254D3C0BC50C}.Debug|Any CPU.Build.0 = Debug|Any CPU
		{AD1C115C-81CD-47DC-A00A-254D3C0BC50C}.Release|Any CPU.ActiveCfg = Release|Any CPU
		{AD1C115C-81CD-47DC-A00A-254D3C0BC50C}.Release|Any CPU.Build.0 = Release|Any CPU
		{7350CA94-174B-4A46-9233-F0FE35899CBD}.Debug|Any CPU.ActiveCfg = Debug|Any CPU
		{7350CA94-174B-4A46-9233-F0FE35899CBD}.Debug|Any CPU.Build.0 = Debug|Any CPU
		{7350CA94-174B-4A46-9233-F0FE35899CBD}.Release|Any CPU.ActiveCfg = Release|Any CPU
		{7350CA94-174B-4A46-9233-F0FE35899CBD}.Release|Any CPU.Build.0 = Release|Any CPU
	EndGlobalSection
	GlobalSection(SolutionProperties) = preSolution
		HideSolutionNode = FALSE
	EndGlobalSection
	GlobalSection(ExtensibilityGlobals) = postSolution
		SolutionGuid = {289BDF37-363B-481E-8DFD-9C76B35A8732}
	EndGlobalSection
EndGlobal
